cloud.google.com/go v0.34.0/go.mod h1:aQUYkXzVsufM+DwF1aE+0xfcU+56JwCaLick0ClmMTw=
github.com/aerogo/http v1.1.0 h1:Ii+XcJ2OrX0Q/a2Zz99+z501TgYcwiWMt7bo0cOkYRg=
github.com/aerogo/http v1.1.0/go.mod h1:5VMFMcmM5djh6c7L/v++HUjFvVz+7ER2t2NfXRrzohk=
github.com/akyoto/assert v0.2.3 h1:ftENRGDEK5AKuKmZb9LtbDIHeE8p8cIYI4M92CbA9nE=
github.com/akyoto/assert v0.2.3/go.mod h1:g5e6ag+ksCEQENq/LnmU9z04wCAIFDr8KacBusVL0H8=
github.com/akyoto/stringutils v0.3.0 h1:NJpcnpvp1dYmJAvuZapj1D5aEDRPv+c8vAva7qSklL4=
github.com/akyoto/stringutils v0.3.0/go.mod h1:v+Lr6tJxVd/Q1InaxsqaSXO+vSkG7MYMNc9Y9ul6Mkc=
github.com/animenotifier/anilist v0.2.6 h1:L1M7fcgy+gAShscnHucz+Jn3nM1hOQKWZxuyhLatBBo=
github.com/animenotifier/anilist v0.2.6/go.mod h1:fzOQXacU6rHnVoLFZaercp26BwNZDWkB6MocbNst5mY=
github.com/golang/protobuf v1.2.0 h1:P3YflyNX/ehuJFLhxviNdFxQPkGK5cDcApsge1SqnvM=
github.com/golang/protobuf v1.2.0/go.mod h1:6lQm79b+lXiMfvg/cZm0SGofjICqVBUtrP5yJMmIC1U=
github.com/machinebox/graphql v0.2.2 h1:dWKpJligYKhYKO5A2gvNhkJdQMNZeChZYyBbrZkBZfo=
github.com/machinebox/graphql v0.2.2/go.mod h1:F+kbVMHuwrQ5tYgU9JXlnskM8nOaFxCAEolaQybkjWA=
github.com/matryer/is v1.3.0 h1:9qiso3jaJrOe6qBRJRBt2Ldht05qDiFP9le0JOIhRSI=
github.com/matryer/is v1.3.0/go.mod h1:2fLPjFQM9rhQ15aVEtbuwhJinnOqrmgXPNdZsdwlWXA=
github.com/pkg/errors v0.9.1 h1:FEBLx1zS214owpjy7qsBeixbURkuhQAwrK5UwLGTwt4=
github.com/pkg/errors v0.9.1/go.mod h1:bwawxfHBFNV+L2hUp1rHADufV3IMtnDRdf1r5NINEl0=
golang.org/x/net v0.0.0-20180724234803-3673e40ba225/go.mod h1:mL1N/T3taQHkDXs73rZJwtUhF3w3ftmwwsq0BUmARs4=
golang.org/x/net v0.0.0-20190108225652-1e06a53dbb7e h1:bRhVy7zSSasaqNksaRZiA5EEI+Ei4I1nO5Jh72wfHlg=
golang.org/x/net v0.0.0-20190108225652-1e06a53dbb7e/go.mod h1:mL1N/T3taQHkDXs73rZJwtUhF3w3ftmwwsq0BUmARs4=
golang.org/x/oauth2 v0.0.0-20200107190931-bf48bf16ab8d h1:TzXSXBo42m9gQenoE3b9BGiEpg5IG2JkU5FkPIawgtw=
golang.org/x/oauth2 v0.0.0-20200107190931-bf48bf16ab8d/go.mod h1:gOpvHmFTYa4IltrdGE7lF6nIHvwfUNPOp7c8zoXwtLw=
golang.org/x/sync v0.0.0-20181221193216-37e7f081c4d4 h1:YUO/7uOKsKeq9UokNS62b8FYywz3ker1l1vDZRCRefw=
golang.org/x/sync v0.0.0-20181221193216-37e7f081c4d4/go.mod h1:RxMgew5VJxzue5/jJTE5uejpjVlOe/izrB70Jof72aM=
golang.org/x/text v0.3.0/go.mod h1:NqM8EUOU14njkJ3fqMW+pc6Ldnwhi/IjpwHt7yyuwOQ=
google.golang.org/appengine v1.4.0 h1:/wp5JvzpHIxhs/dumFmF7BXTf3Z+dd4uXta4kVyO508=
google.golang.org/appengine v1.4.0/go.mod h1:xpcJRLb0r/rnEns0DIKYYv+WjYCduHsrkT7/EB5XEv4=
